{
  "name": "trih-enrichment-pipeline",
  "version": "0.1.0",
  "lockfileVersion": 3,
  "requires": true,
  "packages": {
    "": {
      "name": "trih-enrichment-pipeline",
      "version": "0.1.0",
      "dependencies": {
        "openai": "file:vendor/openai"
      },
      "devDependencies": {
        "tsx": "^4.7.1"
      }
    },
    "node_modules/openai": {
      "resolved": "vendor/openai",
      "link": true
    },
    "vendor/openai": {
      "version": "0.0.0-trih"
    }
  }
}
